{
	"name": "@chatbot/plugins",
	"version": "0.0.0",
	"lockfileVersion": 1,
	"requires": true,
	"dependencies": {
		"isolated-vm": {
			"version": "3.3.5",
			"resolved": "https://registry.npmjs.org/isolated-vm/-/isolated-vm-3.3.5.tgz",
			"integrity": "sha512-1YGaryLTjd68WvvfQL/wZD9JzuXM8PbTSwcwFYTMcY+fIUmU3Iem4RZhH/21IDC7TW7wrviMfPq+EHtFOYMGAw=="
		},
		"typescript": {
			"version": "3.9.7",
			"resolved": "https://registry.npmjs.org/typescript/-/typescript-3.9.7.tgz",
			"integrity": "sha512-BLbiRkiBzAwsjut4x/dsibSTB6yWpwT5qWmC2OfuCg3GgVQCSgMs4vEctYPhsaGtd0AeuuHMkjZ2h2WG8MSzRw=="
		}
	}
}
